
Microsoft Visual Studio Solution File, Format Version 12.00
# Visual Studio Version 17
VisualStudioVersion = 17.1.32210.238
MinimumVisualStudioVersion = 10.0.40219.1
Project("{FAE04EC0-301F-11D3-BF4B-00C04F79EFBC}") = "[CSharp]Calculator", "[CSharp]Calculator\[CSharp]Calculator.csproj", "{9C7A2849-B0FD-475E-8F8B-044D23560689}"
EndProject
Global
	GlobalSection(SolutionConfigurationPlatforms) = preSolution
		Debug|Any CPU = Debug|Any CPU
		Release|Any CPU = Release|Any CPU
	EndGlobalSection
	GlobalSection(ProjectConfigurationPlatforms) = postSolution
		{9C7A2849-B0FD-475E-8F8B-044D23560689}.Debug|Any CPU.ActiveCfg = Debug|Any CPU
		{9C7A2849-B0FD-475E-8F8B-044D23560689}.Debug|Any CPU.Build.0 = Debug|Any CPU
		{9C7A2849-B0FD-475E-8F8B-044D23560689}.Release|Any CPU.ActiveCfg = Release|Any CPU
		{9C7A2849-B0FD-475E-8F8B-044D23560689}.Release|Any CPU.Build.0 = Release|Any CPU
	EndGlobalSection
	GlobalSection(SolutionProperties) = preSolution
		HideSolutionNode = FALSE
	EndGlobalSection
	GlobalSection(ExtensibilityGlobals) = postSolution
		SolutionGuid = {F97F2222-1AC0-4E77-B243-FAE82498ECB8}
	EndGlobalSection
EndGlobal
